
Microsoft Visual Studio Solution File, Format Version 12.00
# Visual Studio 15
VisualStudioVersion = 15.0.28010.2050
MinimumVisualStudioVersion = 10.0.40219.1
Project("{9A19103F-16F7-4668-BE54-9A1E7A4F7556}") = "ToDoDbEntityFramework", "ToDoDbEntityFramework\ToDoDbEntityFramework.csproj", "{ACF2C6CE-4120-4367-9BE1-3415BEF17958}"
EndProject
Project("{9A19103F-16F7-4668-BE54-9A1E7A4F7556}") = "ToDoDbWebAPI", "ToDoDbWebAPI\ToDoDbWebAPI.csproj", "{1059D5DA-2227-4E17-89D5-D0FB5C674D28}"
EndProject
Global
	GlobalSection(SolutionConfigurationPlatforms) = preSolution
		Debug|Any CPU = Debug|Any CPU
		Debug|ARM = Debug|ARM
		Debug|ARM64 = Debug|ARM64
		Debug|x64 = Debug|x64
		Debug|x86 = Debug|x86
		Release|Any CPU = Release|Any CPU
		Release|ARM = Release|ARM
		Release|ARM64 = Release|ARM64
		Release|x64 = Release|x64
		Release|x86 = Release|x86
	EndGlobalSection
	GlobalSection(ProjectConfigurationPlatforms) = postSolution
		{ACF2C6CE-4120-4367-9BE1-3415BEF17958}.Debug|Any CPU.ActiveCfg = Debug|Any CPU
		{ACF2C6CE-4120-4367-9BE1-3415BEF17958}.Debug|Any CPU.Build.0 = Debug|Any CPU
		{ACF2C6CE-4120-4367-9BE1-3415BEF17958}.Debug|ARM.ActiveCfg = Debug|Any CPU
		{ACF2C6CE-4120-4367-9BE1-3415BEF17958}.Debug|ARM.Build.0 = Debug|Any CPU
		{ACF2C6CE-4120-4367-9BE1-3415BEF17958}.Debug|ARM64.ActiveCfg = Debug|Any CPU
		{ACF2C6CE-4120-4367-9BE1-3415BEF17958}.Debug|ARM64.Build.0 = Debug|Any CPU
		{ACF2C6CE-4120-4367-9BE1-3415BEF17958}.Debug|x64.ActiveCfg = Debug|Any CPU
		{ACF2C6CE-4120-4367-9BE1-3415BEF17958}.Debug|x64.Build.0 = Debug|Any CPU
		{ACF2C6CE-4120-4367-9BE1-3415BEF17958}.Debug|x86.ActiveCfg = Debug|Any CPU
		{ACF2C6CE-4120-4367-9BE1-3415BEF17958}.Debug|x86.Build.0 = Debug|Any CPU
		{ACF2C6CE-4120-4367-9BE1-3415BEF17958}.Release|Any CPU.ActiveCfg = Release|Any CPU
		{ACF2C6CE-4120-4367-9BE1-3415BEF17958}.Release|Any CPU.Build.0 = Release|Any CPU
		{ACF2C6CE-4120-4367-9BE1-3415BEF17958}.Release|ARM.ActiveCfg = Release|Any CPU
		{ACF2C6CE-4120-4367-9BE1-3415BEF17958}.Release|ARM.Build.0 = Release|Any CPU
		{ACF2C6CE-4120-4367-9BE1-3415BEF17958}.Release|ARM64.ActiveCfg = Release|Any CPU
		{ACF2C6CE-4120-4367-9BE1-3415BEF17958}.Release|ARM64.Build.0 = Release|Any CPU
		{ACF2C6CE-4120-4367-9BE1-3415BEF17958}.Release|x64.ActiveCfg = Release|Any CPU
		{ACF2C6CE-4120-4367-9BE1-3415BEF17958}.Release|x64.Build.0 = Release|Any CPU
		{ACF2C6CE-4120-4367-9BE1-3415BEF17958}.Release|x86.ActiveCfg = Release|Any CPU
		{ACF2C6CE-4120-4367-9BE1-3415BEF17958}.Release|x86.Build.0 = Release|Any CPU
		{1059D5DA-2227-4E17-89D5-D0FB5C674D28}.Debug|Any CPU.ActiveCfg = Debug|Any CPU
		{1059D5DA-2227-4E17-89D5-D0FB5C674D28}.Debug|Any CPU.Build.0 = Debug|Any CPU
		{1059D5DA-2227-4E17-89D5-D0FB5C674D28}.Debug|ARM.ActiveCfg = Debug|Any CPU
		{1059D5DA-2227-4E17-89D5-D0FB5C674D28}.Debug|ARM.Build.0 = Debug|Any CPU
		{1059D5DA-2227-4E17-89D5-D0FB5C674D28}.Debug|ARM64.ActiveCfg = Debug|Any CPU
		{1059D5DA-2227-4E17-89D5-D0FB5C674D28}.Debug|ARM64.Build.0 = Debug|Any CPU
		{1059D5DA-2227-4E17-89D5-D0FB5C674D28}.Debug|x64.ActiveCfg = Debug|Any CPU
		{1059D5DA-2227-4E17-89D5-D0FB5C674D28}.Debug|x64.Build.0 = Debug|Any CPU
		{1059D5DA-2227-4E17-89D5-D0FB5C674D28}.Debug|x86.ActiveCfg = Debug|Any CPU
		{1059D5DA-2227-4E17-89D5-D0FB5C674D28}.Debug|x86.Build.0 = Debug|Any CPU
		{1059D5DA-2227-4E17-89D5-D0FB5C674D28}.Release|Any CPU.ActiveCfg = Release|Any CPU
		{1059D5DA-2227-4E17-89D5-D0FB5C674D28}.Release|Any CPU.Build.0 = Release|Any CPU
		{1059D5DA-2227-4E17-89D5-D0FB5C674D28}.Release|ARM.ActiveCfg = Release|Any CPU
		{1059D5DA-2227-4E17-89D5-D0FB5C674D28}.Release|ARM.Build.0 = Release|Any CPU
		{1059D5DA-2227-4E17-89D5-D0FB5C674D28}.Release|ARM64.ActiveCfg = Release|Any CPU
		{1059D5DA-2227-4E17-89D5-D0FB5C674D28}.Release|ARM64.Build.0 = Release|Any CPU
		{1059D5DA-2227-4E17-89D5-D0FB5C674D28}.Release|x64.ActiveCfg = Release|Any CPU
		{1059D5DA-2227-4E17-89D5-D0FB5C674D28}.Release|x64.Build.0 = Release|Any CPU
		{1059D5DA-2227-4E17-89D5-D0FB5C674D28}.Release|x86.ActiveCfg = Release|Any CPU
		{1059D5DA-2227-4E17-89D5-D0FB5C674D28}.Release|x86.Build.0 = Release|Any CPU
	EndGlobalSection
	GlobalSection(SolutionProperties) = preSolution
		HideSolutionNode = FALSE
	EndGlobalSection
	GlobalSection(ExtensibilityGlobals) = postSolution
		SolutionGuid = {12567612-6744-4F4E-A4B5-0735F44C950E}
	EndGlobalSection
EndGlobal
